
Microsoft Visual Studio Solution File, Format Version 12.00
# Visual Studio Version 16
VisualStudioVersion = 16.0.29613.14
MinimumVisualStudioVersion = 10.0.40219.1
Project("{FAE04EC0-301F-11D3-BF4B-00C04F79EFBC}") = "WebApplicationInlämningsUppgift2", "WebApplicationInlämningsUppgift2.csproj", "{FC858AB0-B7AB-482A-8B79-EE514F002B88}"
EndProject
Global
	GlobalSection(SolutionConfigurationPlatforms) = preSolution
		Debug|Any CPU = Debug|Any CPU
		Release|Any CPU = Release|Any CPU
	EndGlobalSection
	GlobalSection(ProjectConfigurationPlatforms) = postSolution
		{FC858AB0-B7AB-482A-8B79-EE514F002B88}.Debug|Any CPU.ActiveCfg = Debug|Any CPU
		{FC858AB0-B7AB-482A-8B79-EE514F002B88}.Debug|Any CPU.Build.0 = Debug|Any CPU
		{FC858AB0-B7AB-482A-8B79-EE514F002B88}.Release|Any CPU.ActiveCfg = Release|Any CPU
		{FC858AB0-B7AB-482A-8B79-EE514F002B88}.Release|Any CPU.Build.0 = Release|Any CPU
	EndGlobalSection
	GlobalSection(SolutionProperties) = preSolution
		HideSolutionNode = FALSE
	EndGlobalSection
	GlobalSection(ExtensibilityGlobals) = postSolution
		SolutionGuid = {83C88D39-6C1E-44AF-AD27-9519A5B02690}
	EndGlobalSection
EndGlobal
